
Microsoft Visual Studio Solution File, Format Version 12.00
# Visual Studio Version 17
VisualStudioVersion = 17.6.33815.320
MinimumVisualStudioVersion = 10.0.40219.1
Project("{9A19103F-16F7-4668-BE54-9A1E7A4F7556}") = "PMSBlazorApp.Server", "Server\PMSBlazorApp.Server.csproj", "{97889808-A937-4DF3-A05A-C49BD95E0F21}"
EndProject
Project("{9A19103F-16F7-4668-BE54-9A1E7A4F7556}") = "PMSBlazorApp.Client", "Client\PMSBlazorApp.Client.csproj", "{9FD2AED2-B0CE-4C3C-BB80-C802404CB739}"
EndProject
Project("{9A19103F-16F7-4668-BE54-9A1E7A4F7556}") = "PMSBlazorApp.Shared", "Shared\PMSBlazorApp.Shared.csproj", "{B73033FD-3930-4877-B2B3-B23BCFBEDCC2}"
EndProject
Global
	GlobalSection(SolutionConfigurationPlatforms) = preSolution
		Debug|Any CPU = Debug|Any CPU
		Release|Any CPU = Release|Any CPU
	EndGlobalSection
	GlobalSection(ProjectConfigurationPlatforms) = postSolution
		{97889808-A937-4DF3-A05A-C49BD95E0F21}.Debug|Any CPU.ActiveCfg = Debug|Any CPU
		{97889808-A937-4DF3-A05A-C49BD95E0F21}.Debug|Any CPU.Build.0 = Debug|Any CPU
		{97889808-A937-4DF3-A05A-C49BD95E0F21}.Release|Any CPU.ActiveCfg = Release|Any CPU
		{97889808-A937-4DF3-A05A-C49BD95E0F21}.Release|Any CPU.Build.0 = Release|Any CPU
		{9FD2AED2-B0CE-4C3C-BB80-C802404CB739}.Debug|Any CPU.ActiveCfg = Debug|Any CPU
		{9FD2AED2-B0CE-4C3C-BB80-C802404CB739}.Debug|Any CPU.Build.0 = Debug|Any CPU
		{9FD2AED2-B0CE-4C3C-BB80-C802404CB739}.Release|Any CPU.ActiveCfg = Release|Any CPU
		{9FD2AED2-B0CE-4C3C-BB80-C802404CB739}.Release|Any CPU.Build.0 = Release|Any CPU
		{B73033FD-3930-4877-B2B3-B23BCFBEDCC2}.Debug|Any CPU.ActiveCfg = Debug|Any CPU
		{B73033FD-3930-4877-B2B3-B23BCFBEDCC2}.Debug|Any CPU.Build.0 = Debug|Any CPU
		{B73033FD-3930-4877-B2B3-B23BCFBEDCC2}.Release|Any CPU.ActiveCfg = Release|Any CPU
		{B73033FD-3930-4877-B2B3-B23BCFBEDCC2}.Release|Any CPU.Build.0 = Release|Any CPU
	EndGlobalSection
	GlobalSection(SolutionProperties) = preSolution
		HideSolutionNode = FALSE
	EndGlobalSection
	GlobalSection(ExtensibilityGlobals) = postSolution
		SolutionGuid = {B6D90DCE-FC1B-4675-B4E8-5652C746B5C3}
	EndGlobalSection
EndGlobal
